
Microsoft Visual Studio Solution File, Format Version 12.00
# Visual Studio 15
Project("{FAE04EC0-301F-11D3-BF4B-00C04F79EFBC}") = "Unity.Services.Core.Telemetry", "Unity.Services.Core.Telemetry.csproj", "{2F80B1C7-5CFD-1665-A8DC-3D3B625BC7FE}"
EndProject
Project("{FAE04EC0-301F-11D3-BF4B-00C04F79EFBC}") = "UnityEngine.TestRunner", "UnityEngine.TestRunner.csproj", "{219D7579-F88A-0EA8-2845-E42D1CBB44F0}"
EndProject
Project("{FAE04EC0-301F-11D3-BF4B-00C04F79EFBC}") = "UnityEngine.UI", "UnityEngine.UI.csproj", "{5EEBDE30-DE15-1E0F-057F-5F48807986A9}"
EndProject
Project("{FAE04EC0-301F-11D3-BF4B-00C04F79EFBC}") = "Unity.Mathematics", "Unity.Mathematics.csproj", "{C269851A-F1CF-DCA1-AFEA-421ECD1E136D}"
EndProject
Project("{FAE04EC0-301F-11D3-BF4B-00C04F79EFBC}") = "Unity.Services.Core.Internal", "Unity.Services.Core.Internal.csproj", "{1F24A991-6D35-CC10-741D-65B77F9AD60E}"
EndProject
Project("{FAE04EC0-301F-11D3-BF4B-00C04F79EFBC}") = "Unity.Timeline", "Unity.Timeline.csproj", "{60F66806-73CE-F518-53B1-DC63678D78AB}"
EndProject
Project("{FAE04EC0-301F-11D3-BF4B-00C04F79EFBC}") = "Unity.TextMeshPro", "Unity.TextMeshPro.csproj", "{16AC4BB3-371B-679D-4DAF-E7F2C7ADE732}"
EndProject
Project("{FAE04EC0-301F-11D3-BF4B-00C04F79EFBC}") = "Unity.Services.Core.Environments.Internal", "Unity.Services.Core.Environments.Internal.csproj", "{A3F34332-DEEB-6EAB-B6A3-B7E319AD1F0B}"
EndProject
Project("{FAE04EC0-301F-11D3-BF4B-00C04F79EFBC}") = "Unity.Burst", "Unity.Burst.csproj", "{858DF36A-EA44-050E-D88D-AFAE588DC848}"
EndProject
Project("{FAE04EC0-301F-11D3-BF4B-00C04F79EFBC}") = "Unity.2D.Animation.Runtime", "Unity.2D.Animation.Runtime.csproj", "{363478A2-5C58-14E5-E3FA-125CB4E93158}"
EndProject
Project("{FAE04EC0-301F-11D3-BF4B-00C04F79EFBC}") = "Assembly-CSharp", "Assembly-CSharp.csproj", "{E25EDE64-8D6F-333C-E35D-1D7A5FA2FA82}"
EndProject
Project("{FAE04EC0-301F-11D3-BF4B-00C04F79EFBC}") = "Unity.2D.IK.Runtime", "Unity.2D.IK.Runtime.csproj", "{AD0B2B51-FF7A-6E18-5866-1829BE38E8BD}"
EndProject
Project("{FAE04EC0-301F-11D3-BF4B-00C04F79EFBC}") = "Unity.Services.Core.Configuration", "Unity.Services.Core.Configuration.csproj", "{93C2F99D-2D3F-7535-160E-389698478DB2}"
EndProject
Project("{FAE04EC0-301F-11D3-BF4B-00C04F79EFBC}") = "Unity.Services.Core", "Unity.Services.Core.csproj", "{ABC17BA6-B330-2A20-654C-84703390D7A1}"
EndProject
Project("{FAE04EC0-301F-11D3-BF4B-00C04F79EFBC}") = "Unity.Services.Core.Environments", "Unity.Services.Core.Environments.csproj", "{63890FDE-30AB-4EF3-DC6A-EE114D31C59E}"
EndProject
Project("{FAE04EC0-301F-11D3-BF4B-00C04F79EFBC}") = "Unity.2D.SpriteShape.Runtime", "Unity.2D.SpriteShape.Runtime.csproj", "{33546AA0-1D4D-288C-EFD5-2A2443CFEBD8}"
EndProject
Project("{FAE04EC0-301F-11D3-BF4B-00C04F79EFBC}") = "Unity.Services.Core.Networking", "Unity.Services.Core.Networking.csproj", "{89401D3C-96B6-B099-8244-A49388139471}"
EndProject
Project("{FAE04EC0-301F-11D3-BF4B-00C04F79EFBC}") = "Unity.Services.Core.Analytics", "Unity.Services.Core.Analytics.csproj", "{50ED3CAA-269F-2EC2-E6DA-A96C700D8B8B}"
EndProject
Project("{FAE04EC0-301F-11D3-BF4B-00C04F79EFBC}") = "Unity.2D.Common.Runtime", "Unity.2D.Common.Runtime.csproj", "{03A6CF69-7DD6-4C37-364B-9C8960B75DB7}"
EndProject
Project("{FAE04EC0-301F-11D3-BF4B-00C04F79EFBC}") = "Unity.Services.Core.Scheduler", "Unity.Services.Core.Scheduler.csproj", "{0D70BAF5-168E-BFA5-92AA-5AB42C323793}"
EndProject
Project("{FAE04EC0-301F-11D3-BF4B-00C04F79EFBC}") = "Unity.Services.Core.Registration", "Unity.Services.Core.Registration.csproj", "{76EDDF98-186C-E3C9-F9B8-57D2CBB997B0}"
EndProject
Project("{FAE04EC0-301F-11D3-BF4B-00C04F79EFBC}") = "Unity.2D.PixelPerfect", "Unity.2D.PixelPerfect.csproj", "{8263C563-C08C-5340-2A32-A661A1466CCE}"
EndProject
Project("{FAE04EC0-301F-11D3-BF4B-00C04F79EFBC}") = "Unity.Services.Core.Device", "Unity.Services.Core.Device.csproj", "{F367EA87-AA8C-9C45-3F1A-C162FF0FC9ED}"
EndProject
Project("{FAE04EC0-301F-11D3-BF4B-00C04F79EFBC}") = "Unity.Services.Core.Threading", "Unity.Services.Core.Threading.csproj", "{FEB28F08-5511-1858-69DE-6CD60AFEE2CA}"
EndProject
Project("{FAE04EC0-301F-11D3-BF4B-00C04F79EFBC}") = "Unity.InternalAPIEngineBridge.001", "Unity.InternalAPIEngineBridge.001.csproj", "{E4EC8BFA-B5C6-C3B6-15FE-38A71728B8C5}"
EndProject
Project("{FAE04EC0-301F-11D3-BF4B-00C04F79EFBC}") = "UnityEditor.TestRunner", "UnityEditor.TestRunner.csproj", "{BC5B64FA-3EC7-A163-222B-A7F8076A1B09}"
EndProject
Project("{FAE04EC0-301F-11D3-BF4B-00C04F79EFBC}") = "Unity.2D.Psdimporter.Editor", "Unity.2D.Psdimporter.Editor.csproj", "{3DB36ED5-7707-3C84-B858-31E3823BA593}"
EndProject
Project("{FAE04EC0-301F-11D3-BF4B-00C04F79EFBC}") = "Unity.PlasticSCM.Editor", "Unity.PlasticSCM.Editor.csproj", "{89C7491F-85C1-9129-93EE-11706A1C3437}"
EndProject
Project("{FAE04EC0-301F-11D3-BF4B-00C04F79EFBC}") = "UnityEditor.UI", "UnityEditor.UI.csproj", "{E6FA7C20-2B6B-5B99-B46E-37837F9A91A8}"
EndProject
Project("{FAE04EC0-301F-11D3-BF4B-00C04F79EFBC}") = "Unity.Timeline.Editor", "Unity.Timeline.Editor.csproj", "{7E69C3FB-32DA-EA25-AFB5-013ECF4E599B}"
EndProject
Project("{FAE04EC0-301F-11D3-BF4B-00C04F79EFBC}") = "Unity.VisualStudio.Editor", "Unity.VisualStudio.Editor.csproj", "{EB907921-099B-441C-254D-1FAE4556097C}"
EndProject
Project("{FAE04EC0-301F-11D3-BF4B-00C04F79EFBC}") = "Unity.2D.Animation.Editor", "Unity.2D.Animation.Editor.csproj", "{195B950A-595F-6457-48A8-956C27B0AAA4}"
EndProject
Project("{FAE04EC0-301F-11D3-BF4B-00C04F79EFBC}") = "Unity.TextMeshPro.Editor", "Unity.TextMeshPro.Editor.csproj", "{FD52CC5C-CE6C-FD8C-1897-1C5DE1FFE027}"
EndProject
Project("{FAE04EC0-301F-11D3-BF4B-00C04F79EFBC}") = "Unity.2D.SpriteShape.Editor", "Unity.2D.SpriteShape.Editor.csproj", "{3C441AAC-778A-854F-F070-44954BE7102F}"
EndProject
Project("{FAE04EC0-301F-11D3-BF4B-00C04F79EFBC}") = "Unity.CollabProxy.Editor", "Unity.CollabProxy.Editor.csproj", "{3E896C4E-98B7-D41F-C684-DC88CDCC6DA1}"
EndProject
Project("{FAE04EC0-301F-11D3-BF4B-00C04F79EFBC}") = "PsdPlugin", "PsdPlugin.csproj", "{25D0523B-7EF3-B1B7-45F4-D0F8C7D948B6}"
EndProject
Project("{FAE04EC0-301F-11D3-BF4B-00C04F79EFBC}") = "Unity.2D.Tilemap.Editor", "Unity.2D.Tilemap.Editor.csproj", "{C4F01DD6-EB2A-93D3-4607-2054F714F421}"
EndProject
Project("{FAE04EC0-301F-11D3-BF4B-00C04F79EFBC}") = "Unity.Services.Core.Editor", "Unity.Services.Core.Editor.csproj", "{DBF08C39-59E4-5BB1-FAB5-69A0A288B732}"
EndProject
Project("{FAE04EC0-301F-11D3-BF4B-00C04F79EFBC}") = "Unity.2D.Path.Editor", "Unity.2D.Path.Editor.csproj", "{8AD9CC5B-D668-C85E-8766-8C7672F0880D}"
EndProject
Project("{FAE04EC0-301F-11D3-BF4B-00C04F79EFBC}") = "Unity.Rider.Editor", "Unity.Rider.Editor.csproj", "{FFDEAC73-8F08-E2B3-AB07-9179BFC8F0F5}"
EndProject
Project("{FAE04EC0-301F-11D3-BF4B-00C04F79EFBC}") = "Unity.2D.Sprite.Editor", "Unity.2D.Sprite.Editor.csproj", "{3DBC620E-BE28-CA9B-1A2B-E47AB22AAA6A}"
EndProject
Project("{FAE04EC0-301F-11D3-BF4B-00C04F79EFBC}") = "Unity.2D.IK.Editor", "Unity.2D.IK.Editor.csproj", "{21CD9CB7-2A25-B255-C247-6A1E606188DE}"
EndProject
Project("{FAE04EC0-301F-11D3-BF4B-00C04F79EFBC}") = "Unity.Burst.Editor", "Unity.Burst.Editor.csproj", "{41795346-D7C4-6484-7684-F3214A4FF8CE}"
EndProject
Project("{FAE04EC0-301F-11D3-BF4B-00C04F79EFBC}") = "Unity.Burst.CodeGen", "Unity.Burst.CodeGen.csproj", "{575D5295-F365-6B82-D43B-CA84E003E4BF}"
EndProject
Project("{FAE04EC0-301F-11D3-BF4B-00C04F79EFBC}") = "Unity.2D.PixelPerfect.Editor", "Unity.2D.PixelPerfect.Editor.csproj", "{E402B9CA-D206-4CC1-5D41-A842E11D7AA4}"
EndProject
Project("{FAE04EC0-301F-11D3-BF4B-00C04F79EFBC}") = "Unity.VSCode.Editor", "Unity.VSCode.Editor.csproj", "{7C3A59C3-3C3B-D051-DB79-58E4A8CD9532}"
EndProject
Project("{FAE04EC0-301F-11D3-BF4B-00C04F79EFBC}") = "Unity.Services.Core.Configuration.Editor", "Unity.Services.Core.Configuration.Editor.csproj", "{DE0CAFA6-3E7F-CFC8-2879-996928FFD7F6}"
EndProject
Project("{FAE04EC0-301F-11D3-BF4B-00C04F79EFBC}") = "Unity.2D.Common.Editor", "Unity.2D.Common.Editor.csproj", "{81063C85-199B-3173-6879-EB6130F207DC}"
EndProject
Project("{FAE04EC0-301F-11D3-BF4B-00C04F79EFBC}") = "Unity.Mathematics.Editor", "Unity.Mathematics.Editor.csproj", "{7C666ADB-0546-8DBD-D2D1-15FE7BE90459}"
EndProject
Project("{FAE04EC0-301F-11D3-BF4B-00C04F79EFBC}") = "Unity.InternalAPIEditorBridge.001", "Unity.InternalAPIEditorBridge.001.csproj", "{F59DD2DA-6E77-50D3-5729-E74DB92BB909}"
EndProject
Project("{FAE04EC0-301F-11D3-BF4B-00C04F79EFBC}") = "Unity.Services.Core.Telemetry", "Unity.Services.Core.Telemetry.Player.csproj", "{F58987A8-C448-4607-8828-0095D123CFAD}"
EndProject
Project("{FAE04EC0-301F-11D3-BF4B-00C04F79EFBC}") = "UnityEngine.TestRunner", "UnityEngine.TestRunner.Player.csproj", "{3A805989-3048-6EFE-4D71-14C96318A11A}"
EndProject
Project("{FAE04EC0-301F-11D3-BF4B-00C04F79EFBC}") = "UnityEngine.UI", "UnityEngine.UI.Player.csproj", "{11FB86F9-F293-EAEA-53A7-43FD11E5B91B}"
EndProject
Project("{FAE04EC0-301F-11D3-BF4B-00C04F79EFBC}") = "Unity.Mathematics", "Unity.Mathematics.Player.csproj", "{E99597C8-E29D-5BAD-6997-150A2469BE53}"
EndProject
Project("{FAE04EC0-301F-11D3-BF4B-00C04F79EFBC}") = "Unity.Services.Core.Internal", "Unity.Services.Core.Internal.Player.csproj", "{6C9C641C-A351-FD32-406F-BD81591DF635}"
EndProject
Project("{FAE04EC0-301F-11D3-BF4B-00C04F79EFBC}") = "Unity.Timeline", "Unity.Timeline.Player.csproj", "{B00CBE23-DF4E-E8FE-1363-1E91642CA7CA}"
EndProject
Project("{FAE04EC0-301F-11D3-BF4B-00C04F79EFBC}") = "Unity.TextMeshPro", "Unity.TextMeshPro.Player.csproj", "{D6A4023B-0C72-F6FB-BD4D-B1AF270004C3}"
EndProject
Project("{FAE04EC0-301F-11D3-BF4B-00C04F79EFBC}") = "Unity.Services.Core.Environments.Internal", "Unity.Services.Core.Environments.Internal.Player.csproj", "{C574529F-E955-1ADC-9870-E8EB1A33E142}"
EndProject
Project("{FAE04EC0-301F-11D3-BF4B-00C04F79EFBC}") = "Unity.Burst", "Unity.Burst.Player.csproj", "{A395DB49-3922-C173-AF81-BC38F8E45BEE}"
EndProject
Project("{FAE04EC0-301F-11D3-BF4B-00C04F79EFBC}") = "Unity.2D.Animation.Runtime", "Unity.2D.Animation.Runtime.Player.csproj", "{694D1B62-DFBE-2B43-A8C7-2879600E5443}"
EndProject
Project("{FAE04EC0-301F-11D3-BF4B-00C04F79EFBC}") = "Assembly-CSharp", "Assembly-CSharp.Player.csproj", "{C3323C1B-B159-3968-CD8D-E7FB2BA963C1}"
EndProject
Project("{FAE04EC0-301F-11D3-BF4B-00C04F79EFBC}") = "Unity.2D.IK.Runtime", "Unity.2D.IK.Runtime.Player.csproj", "{E0747E0C-DCAC-26FB-0E9E-D8561B6E5929}"
EndProject
Project("{FAE04EC0-301F-11D3-BF4B-00C04F79EFBC}") = "Unity.Services.Core.Configuration", "Unity.Services.Core.Configuration.Player.csproj", "{D22D8B1B-1D84-85F0-4DE4-B98AA28EA33A}"
EndProject
Project("{FAE04EC0-301F-11D3-BF4B-00C04F79EFBC}") = "Unity.Services.Core", "Unity.Services.Core.Player.csproj", "{1CD04E11-B1EA-C13C-6793-8A9F7CFF0F02}"
EndProject
Project("{FAE04EC0-301F-11D3-BF4B-00C04F79EFBC}") = "Unity.Services.Core.Environments", "Unity.Services.Core.Environments.Player.csproj", "{688488E2-EBFD-F307-8D43-50CC1F504D48}"
EndProject
Project("{FAE04EC0-301F-11D3-BF4B-00C04F79EFBC}") = "Unity.2D.SpriteShape.Runtime", "Unity.2D.SpriteShape.Runtime.Player.csproj", "{6EBEFCAA-BAB0-117B-2708-4E8A258FB001}"
EndProject
Project("{FAE04EC0-301F-11D3-BF4B-00C04F79EFBC}") = "Unity.Services.Core.Networking", "Unity.Services.Core.Networking.Player.csproj", "{4348FBA7-1938-205C-F4D5-118B01B0EAE6}"
EndProject
Project("{FAE04EC0-301F-11D3-BF4B-00C04F79EFBC}") = "Unity.Services.Core.Analytics", "Unity.Services.Core.Analytics.Player.csproj", "{F840D26D-52B3-1E3A-164B-E0B3C9B2FA42}"
EndProject
Project("{FAE04EC0-301F-11D3-BF4B-00C04F79EFBC}") = "Unity.2D.Common.Runtime", "Unity.2D.Common.Runtime.Player.csproj", "{283E6218-329C-5AD0-53E0-CF4498C88D00}"
EndProject
Project("{FAE04EC0-301F-11D3-BF4B-00C04F79EFBC}") = "Unity.Services.Core.Scheduler", "Unity.Services.Core.Scheduler.Player.csproj", "{6A40F0B4-5A69-BAA3-212F-CF670F27D705}"
EndProject
Project("{FAE04EC0-301F-11D3-BF4B-00C04F79EFBC}") = "Unity.Services.Core.Registration", "Unity.Services.Core.Registration.Player.csproj", "{F65759F7-5241-2D28-054A-F33F1406F45D}"
EndProject
Project("{FAE04EC0-301F-11D3-BF4B-00C04F79EFBC}") = "Unity.2D.PixelPerfect", "Unity.2D.PixelPerfect.Player.csproj", "{11451057-2C36-2F6B-A336-065E41717371}"
EndProject
Project("{FAE04EC0-301F-11D3-BF4B-00C04F79EFBC}") = "Unity.Services.Core.Device", "Unity.Services.Core.Device.Player.csproj", "{A8580FB3-2E65-33F9-DC6F-944B995D2901}"
EndProject
Project("{FAE04EC0-301F-11D3-BF4B-00C04F79EFBC}") = "Unity.Services.Core.Threading", "Unity.Services.Core.Threading.Player.csproj", "{CF957E73-CE8C-2E8B-6771-0B39C831391F}"
EndProject
Project("{FAE04EC0-301F-11D3-BF4B-00C04F79EFBC}") = "Unity.InternalAPIEngineBridge.001", "Unity.InternalAPIEngineBridge.001.Player.csproj", "{FF027C07-3CA3-5617-AD66-2671A41BD9AD}"
EndProject
Global
	GlobalSection(SolutionConfigurationPlatforms) = preSolution
		Debug|Any CPU = Debug|Any CPU
		Release|Any CPU = Release|Any CPU
	EndGlobalSection
	GlobalSection(ProjectConfigurationPlatforms) = postSolution
		{2F80B1C7-5CFD-1665-A8DC-3D3B625BC7FE}.Debug|Any CPU.ActiveCfg = Debug|Any CPU
		{2F80B1C7-5CFD-1665-A8DC-3D3B625BC7FE}.Debug|Any CPU.Build.0 = Debug|Any CPU
		{2F80B1C7-5CFD-1665-A8DC-3D3B625BC7FE}.Release|Any CPU.ActiveCfg = Release|Any CPU
		{2F80B1C7-5CFD-1665-A8DC-3D3B625BC7FE}.Release|Any CPU.Build.0 = Release|Any CPU
		{219D7579-F88A-0EA8-2845-E42D1CBB44F0}.Debug|Any CPU.ActiveCfg = Debug|Any CPU
		{219D7579-F88A-0EA8-2845-E42D1CBB44F0}.Debug|Any CPU.Build.0 = Debug|Any CPU
		{219D7579-F88A-0EA8-2845-E42D1CBB44F0}.Release|Any CPU.ActiveCfg = Release|Any CPU
		{219D7579-F88A-0EA8-2845-E42D1CBB44F0}.Release|Any CPU.Build.0 = Release|Any CPU
		{5EEBDE30-DE15-1E0F-057F-5F48807986A9}.Debug|Any CPU.ActiveCfg = Debug|Any CPU
		{5EEBDE30-DE15-1E0F-057F-5F48807986A9}.Debug|Any CPU.Build.0 = Debug|Any CPU
		{5EEBDE30-DE15-1E0F-057F-5F48807986A9}.Release|Any CPU.ActiveCfg = Release|Any CPU
		{5EEBDE30-DE15-1E0F-057F-5F48807986A9}.Release|Any CPU.Build.0 = Release|Any CPU
		{C269851A-F1CF-DCA1-AFEA-421ECD1E136D}.Debug|Any CPU.ActiveCfg = Debug|Any CPU
		{C269851A-F1CF-DCA1-AFEA-421ECD1E136D}.Debug|Any CPU.Build.0 = Debug|Any CPU
		{C269851A-F1CF-DCA1-AFEA-421ECD1E136D}.Release|Any CPU.ActiveCfg = Release|Any CPU
		{C269851A-F1CF-DCA1-AFEA-421ECD1E136D}.Release|Any CPU.Build.0 = Release|Any CPU
		{1F24A991-6D35-CC10-741D-65B77F9AD60E}.Debug|Any CPU.ActiveCfg = Debug|Any CPU
		{1F24A991-6D35-CC10-741D-65B77F9AD60E}.Debug|Any CPU.Build.0 = Debug|Any CPU
		{1F24A991-6D35-CC10-741D-65B77F9AD60E}.Release|Any CPU.ActiveCfg = Release|Any CPU
		{1F24A991-6D35-CC10-741D-65B77F9AD60E}.Release|Any CPU.Build.0 = Release|Any CPU
		{60F66806-73CE-F518-53B1-DC63678D78AB}.Debug|Any CPU.ActiveCfg = Debug|Any CPU
		{60F66806-73CE-F518-53B1-DC63678D78AB}.Debug|Any CPU.Build.0 = Debug|Any CPU
		{60F66806-73CE-F518-53B1-DC63678D78AB}.Release|Any CPU.ActiveCfg = Release|Any CPU
		{60F66806-73CE-F518-53B1-DC63678D78AB}.Release|Any CPU.Build.0 = Release|Any CPU
		{16AC4BB3-371B-679D-4DAF-E7F2C7ADE732}.Debug|Any CPU.ActiveCfg = Debug|Any CPU
		{16AC4BB3-371B-679D-4DAF-E7F2C7ADE732}.Debug|Any CPU.Build.0 = Debug|Any CPU
		{16AC4BB3-371B-679D-4DAF-E7F2C7ADE732}.Release|Any CPU.ActiveCfg = Release|Any CPU
		{16AC4BB3-371B-679D-4DAF-E7F2C7ADE732}.Release|Any CPU.Build.0 = Release|Any CPU
		{A3F34332-DEEB-6EAB-B6A3-B7E319AD1F0B}.Debug|Any CPU.ActiveCfg = Debug|Any CPU
		{A3F34332-DEEB-6EAB-B6A3-B7E319AD1F0B}.Debug|Any CPU.Build.0 = Debug|Any CPU
		{A3F34332-DEEB-6EAB-B6A3-B7E319AD1F0B}.Release|Any CPU.ActiveCfg = Release|Any CPU
		{A3F34332-DEEB-6EAB-B6A3-B7E319AD1F0B}.Release|Any CPU.Build.0 = Release|Any CPU
		{858DF36A-EA44-050E-D88D-AFAE588DC848}.Debug|Any CPU.ActiveCfg = Debug|Any CPU
		{858DF36A-EA44-050E-D88D-AFAE588DC848}.Debug|Any CPU.Build.0 = Debug|Any CPU
		{858DF36A-EA44-050E-D88D-AFAE588DC848}.Release|Any CPU.ActiveCfg = Release|Any CPU
		{858DF36A-EA44-050E-D88D-AFAE588DC848}.Release|Any CPU.Build.0 = Release|Any CPU
		{363478A2-5C58-14E5-E3FA-125CB4E93158}.Debug|Any CPU.ActiveCfg = Debug|Any CPU
		{363478A2-5C58-14E5-E3FA-125CB4E93158}.Debug|Any CPU.Build.0 = Debug|Any CPU
		{363478A2-5C58-14E5-E3FA-125CB4E93158}.Release|Any CPU.ActiveCfg = Release|Any CPU
		{363478A2-5C58-14E5-E3FA-125CB4E93158}.Release|Any CPU.Build.0 = Release|Any CPU
		{E25EDE64-8D6F-333C-E35D-1D7A5FA2FA82}.Debug|Any CPU.ActiveCfg = Debug|Any CPU
		{E25EDE64-8D6F-333C-E35D-1D7A5FA2FA82}.Debug|Any CPU.Build.0 = Debug|Any CPU
		{E25EDE64-8D6F-333C-E35D-1D7A5FA2FA82}.Release|Any CPU.ActiveCfg = Release|Any CPU
		{E25EDE64-8D6F-333C-E35D-1D7A5FA2FA82}.Release|Any CPU.Build.0 = Release|Any CPU
		{AD0B2B51-FF7A-6E18-5866-1829BE38E8BD}.Debug|Any CPU.ActiveCfg = Debug|Any CPU
		{AD0B2B51-FF7A-6E18-5866-1829BE38E8BD}.Debug|Any CPU.Build.0 = Debug|Any CPU
		{AD0B2B51-FF7A-6E18-5866-1829BE38E8BD}.Release|Any CPU.ActiveCfg = Release|Any CPU
		{AD0B2B51-FF7A-6E18-5866-1829BE38E8BD}.Release|Any CPU.Build.0 = Release|Any CPU
		{93C2F99D-2D3F-7535-160E-389698478DB2}.Debug|Any CPU.ActiveCfg = Debug|Any CPU
		{93C2F99D-2D3F-7535-160E-389698478DB2}.Debug|Any CPU.Build.0 = Debug|Any CPU
		{93C2F99D-2D3F-7535-160E-389698478DB2}.Release|Any CPU.ActiveCfg = Release|Any CPU
		{93C2F99D-2D3F-7535-160E-389698478DB2}.Release|Any CPU.Build.0 = Release|Any CPU
		{ABC17BA6-B330-2A20-654C-84703390D7A1}.Debug|Any CPU.ActiveCfg = Debug|Any CPU
		{ABC17BA6-B330-2A20-654C-84703390D7A1}.Debug|Any CPU.Build.0 = Debug|Any CPU
		{ABC17BA6-B330-2A20-654C-84703390D7A1}.Release|Any CPU.ActiveCfg = Release|Any CPU
		{ABC17BA6-B330-2A20-654C-84703390D7A1}.Release|Any CPU.Build.0 = Release|Any CPU
		{63890FDE-30AB-4EF3-DC6A-EE114D31C59E}.Debug|Any CPU.ActiveCfg = Debug|Any CPU
		{63890FDE-30AB-4EF3-DC6A-EE114D31C59E}.Debug|Any CPU.Build.0 = Debug|Any CPU
		{63890FDE-30AB-4EF3-DC6A-EE114D31C59E}.Release|Any CPU.ActiveCfg = Release|Any CPU
		{63890FDE-30AB-4EF3-DC6A-EE114D31C59E}.Release|Any CPU.Build.0 = Release|Any CPU
		{33546AA0-1D4D-288C-EFD5-2A2443CFEBD8}.Debug|Any CPU.ActiveCfg = Debug|Any CPU
		{33546AA0-1D4D-288C-EFD5-2A2443CFEBD8}.Debug|Any CPU.Build.0 = Debug|Any CPU
		{33546AA0-1D4D-288C-EFD5-2A2443CFEBD8}.Release|Any CPU.ActiveCfg = Release|Any CPU
		{33546AA0-1D4D-288C-EFD5-2A2443CFEBD8}.Release|Any CPU.Build.0 = Release|Any CPU
		{89401D3C-96B6-B099-8244-A49388139471}.Debug|Any CPU.ActiveCfg = Debug|Any CPU
		{89401D3C-96B6-B099-8244-A49388139471}.Debug|Any CPU.Build.0 = Debug|Any CPU
		{89401D3C-96B6-B099-8244-A49388139471}.Release|Any CPU.ActiveCfg = Release|Any CPU
		{89401D3C-96B6-B099-8244-A49388139471}.Release|Any CPU.Build.0 = Release|Any CPU
		{50ED3CAA-269F-2EC2-E6DA-A96C700D8B8B}.Debug|Any CPU.ActiveCfg = Debug|Any CPU
		{50ED3CAA-269F-2EC2-E6DA-A96C700D8B8B}.Debug|Any CPU.Build.0 = Debug|Any CPU
		{50ED3CAA-269F-2EC2-E6DA-A96C700D8B8B}.Release|Any CPU.ActiveCfg = Release|Any CPU
		{50ED3CAA-269F-2EC2-E6DA-A96C700D8B8B}.Release|Any CPU.Build.0 = Release|Any CPU
		{03A6CF69-7DD6-4C37-364B-9C8960B75DB7}.Debug|Any CPU.ActiveCfg = Debug|Any CPU
		{03A6CF69-7DD6-4C37-364B-9C8960B75DB7}.Debug|Any CPU.Build.0 = Debug|Any CPU
		{03A6CF69-7DD6-4C37-364B-9C8960B75DB7}.Release|Any CPU.ActiveCfg = Release|Any CPU
		{03A6CF69-7DD6-4C37-364B-9C8960B75DB7}.Release|Any CPU.Build.0 = Release|Any CPU
		{0D70BAF5-168E-BFA5-92AA-5AB42C323793}.Debug|Any CPU.ActiveCfg = Debug|Any CPU
		{0D70BAF5-168E-BFA5-92AA-5AB42C323793}.Debug|Any CPU.Build.0 = Debug|Any CPU
		{0D70BAF5-168E-BFA5-92AA-5AB42C323793}.Release|Any CPU.ActiveCfg = Release|Any CPU
		{0D70BAF5-168E-BFA5-92AA-5AB42C323793}.Release|Any CPU.Build.0 = Release|Any CPU
		{76EDDF98-186C-E3C9-F9B8-57D2CBB997B0}.Debug|Any CPU.ActiveCfg = Debug|Any CPU
		{76EDDF98-186C-E3C9-F9B8-57D2CBB997B0}.Debug|Any CPU.Build.0 = Debug|Any CPU
		{76EDDF98-186C-E3C9-F9B8-57D2CBB997B0}.Release|Any CPU.ActiveCfg = Release|Any CPU
		{76EDDF98-186C-E3C9-F9B8-57D2CBB997B0}.Release|Any CPU.Build.0 = Release|Any CPU
		{8263C563-C08C-5340-2A32-A661A1466CCE}.Debug|Any CPU.ActiveCfg = Debug|Any CPU
		{8263C563-C08C-5340-2A32-A661A1466CCE}.Debug|Any CPU.Build.0 = Debug|Any CPU
		{8263C563-C08C-5340-2A32-A661A1466CCE}.Release|Any CPU.ActiveCfg = Release|Any CPU
		{8263C563-C08C-5340-2A32-A661A1466CCE}.Release|Any CPU.Build.0 = Release|Any CPU
		{F367EA87-AA8C-9C45-3F1A-C162FF0FC9ED}.Debug|Any CPU.ActiveCfg = Debug|Any CPU
		{F367EA87-AA8C-9C45-3F1A-C162FF0FC9ED}.Debug|Any CPU.Build.0 = Debug|Any CPU
		{F367EA87-AA8C-9C45-3F1A-C162FF0FC9ED}.Release|Any CPU.ActiveCfg = Release|Any CPU
		{F367EA87-AA8C-9C45-3F1A-C162FF0FC9ED}.Release|Any CPU.Build.0 = Release|Any CPU
		{FEB28F08-5511-1858-69DE-6CD60AFEE2CA}.Debug|Any CPU.ActiveCfg = Debug|Any CPU
		{FEB28F08-5511-1858-69DE-6CD60AFEE2CA}.Debug|Any CPU.Build.0 = Debug|Any CPU
		{FEB28F08-5511-1858-69DE-6CD60AFEE2CA}.Release|Any CPU.ActiveCfg = Release|Any CPU
		{FEB28F08-5511-1858-69DE-6CD60AFEE2CA}.Release|Any CPU.Build.0 = Release|Any CPU
		{E4EC8BFA-B5C6-C3B6-15FE-38A71728B8C5}.Debug|Any CPU.ActiveCfg = Debug|Any CPU
		{E4EC8BFA-B5C6-C3B6-15FE-38A71728B8C5}.Debug|Any CPU.Build.0 = Debug|Any CPU
		{E4EC8BFA-B5C6-C3B6-15FE-38A71728B8C5}.Release|Any CPU.ActiveCfg = Release|Any CPU
		{E4EC8BFA-B5C6-C3B6-15FE-38A71728B8C5}.Release|Any CPU.Build.0 = Release|Any CPU
		{BC5B64FA-3EC7-A163-222B-A7F8076A1B09}.Debug|Any CPU.ActiveCfg = Debug|Any CPU
		{BC5B64FA-3EC7-A163-222B-A7F8076A1B09}.Debug|Any CPU.Build.0 = Debug|Any CPU
		{BC5B64FA-3EC7-A163-222B-A7F8076A1B09}.Release|Any CPU.ActiveCfg = Release|Any CPU
		{BC5B64FA-3EC7-A163-222B-A7F8076A1B09}.Release|Any CPU.Build.0 = Release|Any CPU
		{3DB36ED5-7707-3C84-B858-31E3823BA593}.Debug|Any CPU.ActiveCfg = Debug|Any CPU
		{3DB36ED5-7707-3C84-B858-31E3823BA593}.Debug|Any CPU.Build.0 = Debug|Any CPU
		{3DB36ED5-7707-3C84-B858-31E3823BA593}.Release|Any CPU.ActiveCfg = Release|Any CPU
		{3DB36ED5-7707-3C84-B858-31E3823BA593}.Release|Any CPU.Build.0 = Release|Any CPU
		{89C7491F-85C1-9129-93EE-11706A1C3437}.Debug|Any CPU.ActiveCfg = Debug|Any CPU
		{89C7491F-85C1-9129-93EE-11706A1C3437}.Debug|Any CPU.Build.0 = Debug|Any CPU
		{89C7491F-85C1-9129-93EE-11706A1C3437}.Release|Any CPU.ActiveCfg = Release|Any CPU
		{89C7491F-85C1-9129-93EE-11706A1C3437}.Release|Any CPU.Build.0 = Release|Any CPU
		{E6FA7C20-2B6B-5B99-B46E-37837F9A91A8}.Debug|Any CPU.ActiveCfg = Debug|Any CPU
		{E6FA7C20-2B6B-5B99-B46E-37837F9A91A8}.Debug|Any CPU.Build.0 = Debug|Any CPU
		{E6FA7C20-2B6B-5B99-B46E-37837F9A91A8}.Release|Any CPU.ActiveCfg = Release|Any CPU
		{E6FA7C20-2B6B-5B99-B46E-37837F9A91A8}.Release|Any CPU.Build.0 = Release|Any CPU
		{7E69C3FB-32DA-EA25-AFB5-013ECF4E599B}.Debug|Any CPU.ActiveCfg = Debug|Any CPU
		{7E69C3FB-32DA-EA25-AFB5-013ECF4E599B}.Debug|Any CPU.Build.0 = Debug|Any CPU
		{7E69C3FB-32DA-EA25-AFB5-013ECF4E599B}.Release|Any CPU.ActiveCfg = Release|Any CPU
		{7E69C3FB-32DA-EA25-AFB5-013ECF4E599B}.Release|Any CPU.Build.0 = Release|Any CPU
		{EB907921-099B-441C-254D-1FAE4556097C}.Debug|Any CPU.ActiveCfg = Debug|Any CPU
		{EB907921-099B-441C-254D-1FAE4556097C}.Debug|Any CPU.Build.0 = Debug|Any CPU
		{EB907921-099B-441C-254D-1FAE4556097C}.Release|Any CPU.ActiveCfg = Release|Any CPU
		{EB907921-099B-441C-254D-1FAE4556097C}.Release|Any CPU.Build.0 = Release|Any CPU
		{195B950A-595F-6457-48A8-956C27B0AAA4}.Debug|Any CPU.ActiveCfg = Debug|Any CPU
		{195B950A-595F-6457-48A8-956C27B0AAA4}.Debug|Any CPU.Build.0 = Debug|Any CPU
		{195B950A-595F-6457-48A8-956C27B0AAA4}.Release|Any CPU.ActiveCfg = Release|Any CPU
		{195B950A-595F-6457-48A8-956C27B0AAA4}.Release|Any CPU.Build.0 = Release|Any CPU
		{FD52CC5C-CE6C-FD8C-1897-1C5DE1FFE027}.Debug|Any CPU.ActiveCfg = Debug|Any CPU
		{FD52CC5C-CE6C-FD8C-1897-1C5DE1FFE027}.Debug|Any CPU.Build.0 = Debug|Any CPU
		{FD52CC5C-CE6C-FD8C-1897-1C5DE1FFE027}.Release|Any CPU.ActiveCfg = Release|Any CPU
		{FD52CC5C-CE6C-FD8C-1897-1C5DE1FFE027}.Release|Any CPU.Build.0 = Release|Any CPU
		{3C441AAC-778A-854F-F070-44954BE7102F}.Debug|Any CPU.ActiveCfg = Debug|Any CPU
		{3C441AAC-778A-854F-F070-44954BE7102F}.Debug|Any CPU.Build.0 = Debug|Any CPU
		{3C441AAC-778A-854F-F070-44954BE7102F}.Release|Any CPU.ActiveCfg = Release|Any CPU
		{3C441AAC-778A-854F-F070-44954BE7102F}.Release|Any CPU.Build.0 = Release|Any CPU
		{3E896C4E-98B7-D41F-C684-DC88CDCC6DA1}.Debug|Any CPU.ActiveCfg = Debug|Any CPU
		{3E896C4E-98B7-D41F-C684-DC88CDCC6DA1}.Debug|Any CPU.Build.0 = Debug|Any CPU
		{3E896C4E-98B7-D41F-C684-DC88CDCC6DA1}.Release|Any CPU.ActiveCfg = Release|Any CPU
		{3E896C4E-98B7-D41F-C684-DC88CDCC6DA1}.Release|Any CPU.Build.0 = Release|Any CPU
		{25D0523B-7EF3-B1B7-45F4-D0F8C7D948B6}.Debug|Any CPU.ActiveCfg = Debug|Any CPU
		{25D0523B-7EF3-B1B7-45F4-D0F8C7D948B6}.Debug|Any CPU.Build.0 = Debug|Any CPU
		{25D0523B-7EF3-B1B7-45F4-D0F8C7D948B6}.Release|Any CPU.ActiveCfg = Release|Any CPU
		{25D0523B-7EF3-B1B7-45F4-D0F8C7D948B6}.Release|Any CPU.Build.0 = Release|Any CPU
		{C4F01DD6-EB2A-93D3-4607-2054F714F421}.Debug|Any CPU.ActiveCfg = Debug|Any CPU
		{C4F01DD6-EB2A-93D3-4607-2054F714F421}.Debug|Any CPU.Build.0 = Debug|Any CPU
		{C4F01DD6-EB2A-93D3-4607-2054F714F421}.Release|Any CPU.ActiveCfg = Release|Any CPU
		{C4F01DD6-EB2A-93D3-4607-2054F714F421}.Release|Any CPU.Build.0 = Release|Any CPU
		{DBF08C39-59E4-5BB1-FAB5-69A0A288B732}.Debug|Any CPU.ActiveCfg = Debug|Any CPU
		{DBF08C39-59E4-5BB1-FAB5-69A0A288B732}.Debug|Any CPU.Build.0 = Debug|Any CPU
		{DBF08C39-59E4-5BB1-FAB5-69A0A288B732}.Release|Any CPU.ActiveCfg = Release|Any CPU
		{DBF08C39-59E4-5BB1-FAB5-69A0A288B732}.Release|Any CPU.Build.0 = Release|Any CPU
		{8AD9CC5B-D668-C85E-8766-8C7672F0880D}.Debug|Any CPU.ActiveCfg = Debug|Any CPU
		{8AD9CC5B-D668-C85E-8766-8C7672F0880D}.Debug|Any CPU.Build.0 = Debug|Any CPU
		{8AD9CC5B-D668-C85E-8766-8C7672F0880D}.Release|Any CPU.ActiveCfg = Release|Any CPU
		{8AD9CC5B-D668-C85E-8766-8C7672F0880D}.Release|Any CPU.Build.0 = Release|Any CPU
		{FFDEAC73-8F08-E2B3-AB07-9179BFC8F0F5}.Debug|Any CPU.ActiveCfg = Debug|Any CPU
		{FFDEAC73-8F08-E2B3-AB07-9179BFC8F0F5}.Debug|Any CPU.Build.0 = Debug|Any CPU
		{FFDEAC73-8F08-E2B3-AB07-9179BFC8F0F5}.Release|Any CPU.ActiveCfg = Release|Any CPU
		{FFDEAC73-8F08-E2B3-AB07-9179BFC8F0F5}.Release|Any CPU.Build.0 = Release|Any CPU
		{3DBC620E-BE28-CA9B-1A2B-E47AB22AAA6A}.Debug|Any CPU.ActiveCfg = Debug|Any CPU
		{3DBC620E-BE28-CA9B-1A2B-E47AB22AAA6A}.Debug|Any CPU.Build.0 = Debug|Any CPU
		{3DBC620E-BE28-CA9B-1A2B-E47AB22AAA6A}.Release|Any CPU.ActiveCfg = Release|Any CPU
		{3DBC620E-BE28-CA9B-1A2B-E47AB22AAA6A}.Release|Any CPU.Build.0 = Release|Any CPU
		{21CD9CB7-2A25-B255-C247-6A1E606188DE}.Debug|Any CPU.ActiveCfg = Debug|Any CPU
		{21CD9CB7-2A25-B255-C247-6A1E606188DE}.Debug|Any CPU.Build.0 = Debug|Any CPU
		{21CD9CB7-2A25-B255-C247-6A1E606188DE}.Release|Any CPU.ActiveCfg = Release|Any CPU
		{21CD9CB7-2A25-B255-C247-6A1E606188DE}.Release|Any CPU.Build.0 = Release|Any CPU
		{41795346-D7C4-6484-7684-F3214A4FF8CE}.Debug|Any CPU.ActiveCfg = Debug|Any CPU
		{41795346-D7C4-6484-7684-F3214A4FF8CE}.Debug|Any CPU.Build.0 = Debug|Any CPU
		{41795346-D7C4-6484-7684-F3214A4FF8CE}.Release|Any CPU.ActiveCfg = Release|Any CPU
		{41795346-D7C4-6484-7684-F3214A4FF8CE}.Release|Any CPU.Build.0 = Release|Any CPU
		{575D5295-F365-6B82-D43B-CA84E003E4BF}.Debug|Any CPU.ActiveCfg = Debug|Any CPU
		{575D5295-F365-6B82-D43B-CA84E003E4BF}.Debug|Any CPU.Build.0 = Debug|Any CPU
		{575D5295-F365-6B82-D43B-CA84E003E4BF}.Release|Any CPU.ActiveCfg = Release|Any CPU
		{575D5295-F365-6B82-D43B-CA84E003E4BF}.Release|Any CPU.Build.0 = Release|Any CPU
		{E402B9CA-D206-4CC1-5D41-A842E11D7AA4}.Debug|Any CPU.ActiveCfg = Debug|Any CPU
		{E402B9CA-D206-4CC1-5D41-A842E11D7AA4}.Debug|Any CPU.Build.0 = Debug|Any CPU
		{E402B9CA-D206-4CC1-5D41-A842E11D7AA4}.Release|Any CPU.ActiveCfg = Release|Any CPU
		{E402B9CA-D206-4CC1-5D41-A842E11D7AA4}.Release|Any CPU.Build.0 = Release|Any CPU
		{7C3A59C3-3C3B-D051-DB79-58E4A8CD9532}.Debug|Any CPU.ActiveCfg = Debug|Any CPU
		{7C3A59C3-3C3B-D051-DB79-58E4A8CD9532}.Debug|Any CPU.Build.0 = Debug|Any CPU
		{7C3A59C3-3C3B-D051-DB79-58E4A8CD9532}.Release|Any CPU.ActiveCfg = Release|Any CPU
		{7C3A59C3-3C3B-D051-DB79-58E4A8CD9532}.Release|Any CPU.Build.0 = Release|Any CPU
		{DE0CAFA6-3E7F-CFC8-2879-996928FFD7F6}.Debug|Any CPU.ActiveCfg = Debug|Any CPU
		{DE0CAFA6-3E7F-CFC8-2879-996928FFD7F6}.Debug|Any CPU.Build.0 = Debug|Any CPU
		{DE0CAFA6-3E7F-CFC8-2879-996928FFD7F6}.Release|Any CPU.ActiveCfg = Release|Any CPU
		{DE0CAFA6-3E7F-CFC8-2879-996928FFD7F6}.Release|Any CPU.Build.0 = Release|Any CPU
		{81063C85-199B-3173-6879-EB6130F207DC}.Debug|Any CPU.ActiveCfg = Debug|Any CPU
		{81063C85-199B-3173-6879-EB6130F207DC}.Debug|Any CPU.Build.0 = Debug|Any CPU
		{81063C85-199B-3173-6879-EB6130F207DC}.Release|Any CPU.ActiveCfg = Release|Any CPU
		{81063C85-199B-3173-6879-EB6130F207DC}.Release|Any CPU.Build.0 = Release|Any CPU
		{7C666ADB-0546-8DBD-D2D1-15FE7BE90459}.Debug|Any CPU.ActiveCfg = Debug|Any CPU
		{7C666ADB-0546-8DBD-D2D1-15FE7BE90459}.Debug|Any CPU.Build.0 = Debug|Any CPU
		{7C666ADB-0546-8DBD-D2D1-15FE7BE90459}.Release|Any CPU.ActiveCfg = Release|Any CPU
		{7C666ADB-0546-8DBD-D2D1-15FE7BE90459}.Release|Any CPU.Build.0 = Release|Any CPU
		{F59DD2DA-6E77-50D3-5729-E74DB92BB909}.Debug|Any CPU.ActiveCfg = Debug|Any CPU
		{F59DD2DA-6E77-50D3-5729-E74DB92BB909}.Debug|Any CPU.Build.0 = Debug|Any CPU
		{F59DD2DA-6E77-50D3-5729-E74DB92BB909}.Release|Any CPU.ActiveCfg = Release|Any CPU
		{F59DD2DA-6E77-50D3-5729-E74DB92BB909}.Release|Any CPU.Build.0 = Release|Any CPU
		{F58987A8-C448-4607-8828-0095D123CFAD}.Debug|Any CPU.ActiveCfg = Debug|Any CPU
		{F58987A8-C448-4607-8828-0095D123CFAD}.Debug|Any CPU.Build.0 = Debug|Any CPU
		{F58987A8-C448-4607-8828-0095D123CFAD}.Release|Any CPU.ActiveCfg = Release|Any CPU
		{F58987A8-C448-4607-8828-0095D123CFAD}.Release|Any CPU.Build.0 = Release|Any CPU
		{3A805989-3048-6EFE-4D71-14C96318A11A}.Debug|Any CPU.ActiveCfg = Debug|Any CPU
		{3A805989-3048-6EFE-4D71-14C96318A11A}.Debug|Any CPU.Build.0 = Debug|Any CPU
		{3A805989-3048-6EFE-4D71-14C96318A11A}.Release|Any CPU.ActiveCfg = Release|Any CPU
		{3A805989-3048-6EFE-4D71-14C96318A11A}.Release|Any CPU.Build.0 = Release|Any CPU
		{11FB86F9-F293-EAEA-53A7-43FD11E5B91B}.Debug|Any CPU.ActiveCfg = Debug|Any CPU
		{11FB86F9-F293-EAEA-53A7-43FD11E5B91B}.Debug|Any CPU.Build.0 = Debug|Any CPU
		{11FB86F9-F293-EAEA-53A7-43FD11E5B91B}.Release|Any CPU.ActiveCfg = Release|Any CPU
		{11FB86F9-F293-EAEA-53A7-43FD11E5B91B}.Release|Any CPU.Build.0 = Release|Any CPU
		{E99597C8-E29D-5BAD-6997-150A2469BE53}.Debug|Any CPU.ActiveCfg = Debug|Any CPU
		{E99597C8-E29D-5BAD-6997-150A2469BE53}.Debug|Any CPU.Build.0 = Debug|Any CPU
		{E99597C8-E29D-5BAD-6997-150A2469BE53}.Release|Any CPU.ActiveCfg = Release|Any CPU
		{E99597C8-E29D-5BAD-6997-150A2469BE53}.Release|Any CPU.Build.0 = Release|Any CPU
		{6C9C641C-A351-FD32-406F-BD81591DF635}.Debug|Any CPU.ActiveCfg = Debug|Any CPU
		{6C9C641C-A351-FD32-406F-BD81591DF635}.Debug|Any CPU.Build.0 = Debug|Any CPU
		{6C9C641C-A351-FD32-406F-BD81591DF635}.Release|Any CPU.ActiveCfg = Release|Any CPU
		{6C9C641C-A351-FD32-406F-BD81591DF635}.Release|Any CPU.Build.0 = Release|Any CPU
		{B00CBE23-DF4E-E8FE-1363-1E91642CA7CA}.Debug|Any CPU.ActiveCfg = Debug|Any CPU
		{B00CBE23-DF4E-E8FE-1363-1E91642CA7CA}.Debug|Any CPU.Build.0 = Debug|Any CPU
		{B00CBE23-DF4E-E8FE-1363-1E91642CA7CA}.Release|Any CPU.ActiveCfg = Release|Any CPU
		{B00CBE23-DF4E-E8FE-1363-1E91642CA7CA}.Release|Any CPU.Build.0 = Release|Any CPU
		{D6A4023B-0C72-F6FB-BD4D-B1AF270004C3}.Debug|Any CPU.ActiveCfg = Debug|Any CPU
		{D6A4023B-0C72-F6FB-BD4D-B1AF270004C3}.Debug|Any CPU.Build.0 = Debug|Any CPU
		{D6A4023B-0C72-F6FB-BD4D-B1AF270004C3}.Release|Any CPU.ActiveCfg = Release|Any CPU
		{D6A4023B-0C72-F6FB-BD4D-B1AF270004C3}.Release|Any CPU.Build.0 = Release|Any CPU
		{C574529F-E955-1ADC-9870-E8EB1A33E142}.Debug|Any CPU.ActiveCfg = Debug|Any CPU
		{C574529F-E955-1ADC-9870-E8EB1A33E142}.Debug|Any CPU.Build.0 = Debug|Any CPU
		{C574529F-E955-1ADC-9870-E8EB1A33E142}.Release|Any CPU.ActiveCfg = Release|Any CPU
		{C574529F-E955-1ADC-9870-E8EB1A33E142}.Release|Any CPU.Build.0 = Release|Any CPU
		{A395DB49-3922-C173-AF81-BC38F8E45BEE}.Debug|Any CPU.ActiveCfg = Debug|Any CPU
		{A395DB49-3922-C173-AF81-BC38F8E45BEE}.Debug|Any CPU.Build.0 = Debug|Any CPU
		{A395DB49-3922-C173-AF81-BC38F8E45BEE}.Release|Any CPU.ActiveCfg = Release|Any CPU
		{A395DB49-3922-C173-AF81-BC38F8E45BEE}.Release|Any CPU.Build.0 = Release|Any CPU
		{694D1B62-DFBE-2B43-A8C7-2879600E5443}.Debug|Any CPU.ActiveCfg = Debug|Any CPU
		{694D1B62-DFBE-2B43-A8C7-2879600E5443}.Debug|Any CPU.Build.0 = Debug|Any CPU
		{694D1B62-DFBE-2B43-A8C7-2879600E5443}.Release|Any CPU.ActiveCfg = Release|Any CPU
		{694D1B62-DFBE-2B43-A8C7-2879600E5443}.Release|Any CPU.Build.0 = Release|Any CPU
		{C3323C1B-B159-3968-CD8D-E7FB2BA963C1}.Debug|Any CPU.ActiveCfg = Debug|Any CPU
		{C3323C1B-B159-3968-CD8D-E7FB2BA963C1}.Debug|Any CPU.Build.0 = Debug|Any CPU
		{C3323C1B-B159-3968-CD8D-E7FB2BA963C1}.Release|Any CPU.ActiveCfg = Release|Any CPU
		{C3323C1B-B159-3968-CD8D-E7FB2BA963C1}.Release|Any CPU.Build.0 = Release|Any CPU
		{E0747E0C-DCAC-26FB-0E9E-D8561B6E5929}.Debug|Any CPU.ActiveCfg = Debug|Any CPU
		{E0747E0C-DCAC-26FB-0E9E-D8561B6E5929}.Debug|Any CPU.Build.0 = Debug|Any CPU
		{E0747E0C-DCAC-26FB-0E9E-D8561B6E5929}.Release|Any CPU.ActiveCfg = Release|Any CPU
		{E0747E0C-DCAC-26FB-0E9E-D8561B6E5929}.Release|Any CPU.Build.0 = Release|Any CPU
		{D22D8B1B-1D84-85F0-4DE4-B98AA28EA33A}.Debug|Any CPU.ActiveCfg = Debug|Any CPU
		{D22D8B1B-1D84-85F0-4DE4-B98AA28EA33A}.Debug|Any CPU.Build.0 = Debug|Any CPU
		{D22D8B1B-1D84-85F0-4DE4-B98AA28EA33A}.Release|Any CPU.ActiveCfg = Release|Any CPU
		{D22D8B1B-1D84-85F0-4DE4-B98AA28EA33A}.Release|Any CPU.Build.0 = Release|Any CPU
		{1CD04E11-B1EA-C13C-6793-8A9F7CFF0F02}.Debug|Any CPU.ActiveCfg = Debug|Any CPU
		{1CD04E11-B1EA-C13C-6793-8A9F7CFF0F02}.Debug|Any CPU.Build.0 = Debug|Any CPU
		{1CD04E11-B1EA-C13C-6793-8A9F7CFF0F02}.Release|Any CPU.ActiveCfg = Release|Any CPU
		{1CD04E11-B1EA-C13C-6793-8A9F7CFF0F02}.Release|Any CPU.Build.0 = Release|Any CPU
		{688488E2-EBFD-F307-8D43-50CC1F504D48}.Debug|Any CPU.ActiveCfg = Debug|Any CPU
		{688488E2-EBFD-F307-8D43-50CC1F504D48}.Debug|Any CPU.Build.0 = Debug|Any CPU
		{688488E2-EBFD-F307-8D43-50CC1F504D48}.Release|Any CPU.ActiveCfg = Release|Any CPU
		{688488E2-EBFD-F307-8D43-50CC1F504D48}.Release|Any CPU.Build.0 = Release|Any CPU
		{6EBEFCAA-BAB0-117B-2708-4E8A258FB001}.Debug|Any CPU.ActiveCfg = Debug|Any CPU
		{6EBEFCAA-BAB0-117B-2708-4E8A258FB001}.Debug|Any CPU.Build.0 = Debug|Any CPU
		{6EBEFCAA-BAB0-117B-2708-4E8A258FB001}.Release|Any CPU.ActiveCfg = Release|Any CPU
		{6EBEFCAA-BAB0-117B-2708-4E8A258FB001}.Release|Any CPU.Build.0 = Release|Any CPU
		{4348FBA7-1938-205C-F4D5-118B01B0EAE6}.Debug|Any CPU.ActiveCfg = Debug|Any CPU
		{4348FBA7-1938-205C-F4D5-118B01B0EAE6}.Debug|Any CPU.Build.0 = Debug|Any CPU
		{4348FBA7-1938-205C-F4D5-118B01B0EAE6}.Release|Any CPU.ActiveCfg = Release|Any CPU
		{4348FBA7-1938-205C-F4D5-118B01B0EAE6}.Release|Any CPU.Build.0 = Release|Any CPU
		{F840D26D-52B3-1E3A-164B-E0B3C9B2FA42}.Debug|Any CPU.ActiveCfg = Debug|Any CPU
		{F840D26D-52B3-1E3A-164B-E0B3C9B2FA42}.Debug|Any CPU.Build.0 = Debug|Any CPU
		{F840D26D-52B3-1E3A-164B-E0B3C9B2FA42}.Release|Any CPU.ActiveCfg = Release|Any CPU
		{F840D26D-52B3-1E3A-164B-E0B3C9B2FA42}.Release|Any CPU.Build.0 = Release|Any CPU
		{283E6218-329C-5AD0-53E0-CF4498C88D00}.Debug|Any CPU.ActiveCfg = Debug|Any CPU
		{283E6218-329C-5AD0-53E0-CF4498C88D00}.Debug|Any CPU.Build.0 = Debug|Any CPU
		{283E6218-329C-5AD0-53E0-CF4498C88D00}.Release|Any CPU.ActiveCfg = Release|Any CPU
		{283E6218-329C-5AD0-53E0-CF4498C88D00}.Release|Any CPU.Build.0 = Release|Any CPU
		{6A40F0B4-5A69-BAA3-212F-CF670F27D705}.Debug|Any CPU.ActiveCfg = Debug|Any CPU
		{6A40F0B4-5A69-BAA3-212F-CF670F27D705}.Debug|Any CPU.Build.0 = Debug|Any CPU
		{6A40F0B4-5A69-BAA3-212F-CF670F27D705}.Release|Any CPU.ActiveCfg = Release|Any CPU
		{6A40F0B4-5A69-BAA3-212F-CF670F27D705}.Release|Any CPU.Build.0 = Release|Any CPU
		{F65759F7-5241-2D28-054A-F33F1406F45D}.Debug|Any CPU.ActiveCfg = Debug|Any CPU
		{F65759F7-5241-2D28-054A-F33F1406F45D}.Debug|Any CPU.Build.0 = Debug|Any CPU
		{F65759F7-5241-2D28-054A-F33F1406F45D}.Release|Any CPU.ActiveCfg = Release|Any CPU
		{F65759F7-5241-2D28-054A-F33F1406F45D}.Release|Any CPU.Build.0 = Release|Any CPU
		{11451057-2C36-2F6B-A336-065E41717371}.Debug|Any CPU.ActiveCfg = Debug|Any CPU
		{11451057-2C36-2F6B-A336-065E41717371}.Debug|Any CPU.Build.0 = Debug|Any CPU
		{11451057-2C36-2F6B-A336-065E41717371}.Release|Any CPU.ActiveCfg = Release|Any CPU
		{11451057-2C36-2F6B-A336-065E41717371}.Release|Any CPU.Build.0 = Release|Any CPU
		{A8580FB3-2E65-33F9-DC6F-944B995D2901}.Debug|Any CPU.ActiveCfg = Debug|Any CPU
		{A8580FB3-2E65-33F9-DC6F-944B995D2901}.Debug|Any CPU.Build.0 = Debug|Any CPU
		{A8580FB3-2E65-33F9-DC6F-944B995D2901}.Release|Any CPU.ActiveCfg = Release|Any CPU
		{A8580FB3-2E65-33F9-DC6F-944B995D2901}.Release|Any CPU.Build.0 = Release|Any CPU
		{CF957E73-CE8C-2E8B-6771-0B39C831391F}.Debug|Any CPU.ActiveCfg = Debug|Any CPU
		{CF957E73-CE8C-2E8B-6771-0B39C831391F}.Debug|Any CPU.Build.0 = Debug|Any CPU
		{CF957E73-CE8C-2E8B-6771-0B39C831391F}.Release|Any CPU.ActiveCfg = Release|Any CPU
		{CF957E73-CE8C-2E8B-6771-0B39C831391F}.Release|Any CPU.Build.0 = Release|Any CPU
		{FF027C07-3CA3-5617-AD66-2671A41BD9AD}.Debug|Any CPU.ActiveCfg = Debug|Any CPU
		{FF027C07-3CA3-5617-AD66-2671A41BD9AD}.Debug|Any CPU.Build.0 = Debug|Any CPU
		{FF027C07-3CA3-5617-AD66-2671A41BD9AD}.Release|Any CPU.ActiveCfg = Release|Any CPU
		{FF027C07-3CA3-5617-AD66-2671A41BD9AD}.Release|Any CPU.Build.0 = Release|Any CPU
	EndGlobalSection
	GlobalSection(SolutionProperties) = preSolution
		HideSolutionNode = FALSE
	EndGlobalSection
EndGlobal
