
Microsoft Visual Studio Solution File, Format Version 12.00
# Visual Studio 15
Project("{FAE04EC0-301F-11D3-BF4B-00C04F79EFBC}") = "Assembly-CSharp", "Assembly-CSharp.csproj", "{E25EDE64-8D6F-333C-E35D-1D7A5FA2FA82}"
EndProject
Project("{FAE04EC0-301F-11D3-BF4B-00C04F79EFBC}") = "spine-unity", "spine-unity.csproj", "{2650CD68-9AC6-6A82-8638-3DE8F405F54A}"
EndProject
Project("{FAE04EC0-301F-11D3-BF4B-00C04F79EFBC}") = "spine-unity-editor", "spine-unity-editor.csproj", "{D2160F3C-0A4F-F4EC-3BB1-B43FEEAD7070}"
EndProject
Project("{FAE04EC0-301F-11D3-BF4B-00C04F79EFBC}") = "Assembly-CSharp-Editor", "Assembly-CSharp-Editor.csproj", "{18BED6DB-CF77-F9C2-8B90-AC3116B6E669}"
EndProject
Global
	GlobalSection(SolutionConfigurationPlatforms) = preSolution
		Debug|Any CPU = Debug|Any CPU
		Release|Any CPU = Release|Any CPU
	EndGlobalSection
	GlobalSection(ProjectConfigurationPlatforms) = postSolution
		{E25EDE64-8D6F-333C-E35D-1D7A5FA2FA82}.Debug|Any CPU.ActiveCfg = Debug|Any CPU
		{E25EDE64-8D6F-333C-E35D-1D7A5FA2FA82}.Debug|Any CPU.Build.0 = Debug|Any CPU
		{E25EDE64-8D6F-333C-E35D-1D7A5FA2FA82}.Release|Any CPU.ActiveCfg = Release|Any CPU
		{E25EDE64-8D6F-333C-E35D-1D7A5FA2FA82}.Release|Any CPU.Build.0 = Release|Any CPU
		{2650CD68-9AC6-6A82-8638-3DE8F405F54A}.Debug|Any CPU.ActiveCfg = Debug|Any CPU
		{2650CD68-9AC6-6A82-8638-3DE8F405F54A}.Debug|Any CPU.Build.0 = Debug|Any CPU
		{2650CD68-9AC6-6A82-8638-3DE8F405F54A}.Release|Any CPU.ActiveCfg = Release|Any CPU
		{2650CD68-9AC6-6A82-8638-3DE8F405F54A}.Release|Any CPU.Build.0 = Release|Any CPU
		{D2160F3C-0A4F-F4EC-3BB1-B43FEEAD7070}.Debug|Any CPU.ActiveCfg = Debug|Any CPU
		{D2160F3C-0A4F-F4EC-3BB1-B43FEEAD7070}.Debug|Any CPU.Build.0 = Debug|Any CPU
		{D2160F3C-0A4F-F4EC-3BB1-B43FEEAD7070}.Release|Any CPU.ActiveCfg = Release|Any CPU
		{D2160F3C-0A4F-F4EC-3BB1-B43FEEAD7070}.Release|Any CPU.Build.0 = Release|Any CPU
		{18BED6DB-CF77-F9C2-8B90-AC3116B6E669}.Debug|Any CPU.ActiveCfg = Debug|Any CPU
		{18BED6DB-CF77-F9C2-8B90-AC3116B6E669}.Debug|Any CPU.Build.0 = Debug|Any CPU
		{18BED6DB-CF77-F9C2-8B90-AC3116B6E669}.Release|Any CPU.ActiveCfg = Release|Any CPU
		{18BED6DB-CF77-F9C2-8B90-AC3116B6E669}.Release|Any CPU.Build.0 = Release|Any CPU
	EndGlobalSection
	GlobalSection(SolutionProperties) = preSolution
		HideSolutionNode = FALSE
	EndGlobalSection
EndGlobal
